
Microsoft Visual Studio Solution File, Format Version 12.00
# Visual Studio Version 17
VisualStudioVersion = 17.11.35327.3
MinimumVisualStudioVersion = 10.0.40219.1
Project("{FAE04EC0-301F-11D3-BF4B-00C04F79EFBC}") = "WordleGame", "WordleGame\WordleGame.csproj", "{F367FC4E-A017-42FE-9467-5508F9EC375D}"
EndProject
Global
	GlobalSection(SolutionConfigurationPlatforms) = preSolution
		Debug|Any CPU = Debug|Any CPU
		Release|Any CPU = Release|Any CPU
	EndGlobalSection
	GlobalSection(ProjectConfigurationPlatforms) = postSolution
		{F367FC4E-A017-42FE-9467-5508F9EC375D}.Debug|Any CPU.ActiveCfg = Debug|Any CPU
		{F367FC4E-A017-42FE-9467-5508F9EC375D}.Debug|Any CPU.Build.0 = Debug|Any CPU
		{F367FC4E-A017-42FE-9467-5508F9EC375D}.Debug|Any CPU.Deploy.0 = Debug|Any CPU
		{F367FC4E-A017-42FE-9467-5508F9EC375D}.Release|Any CPU.ActiveCfg = Release|Any CPU
		{F367FC4E-A017-42FE-9467-5508F9EC375D}.Release|Any CPU.Build.0 = Release|Any CPU
		{F367FC4E-A017-42FE-9467-5508F9EC375D}.Release|Any CPU.Deploy.0 = Release|Any CPU
	EndGlobalSection
	GlobalSection(SolutionProperties) = preSolution
		HideSolutionNode = FALSE
	EndGlobalSection
	GlobalSection(ExtensibilityGlobals) = postSolution
		SolutionGuid = {46E853A1-D033-4322-9D73-0A292D02BA50}
	EndGlobalSection
EndGlobal
